{
    "_readme": [
        "This file locks the dependencies of your project to a known state",
        "Read more about it at https://getcomposer.org/doc/01-basic-usage.md#installing-dependencies",
        "This file is @generated automatically"
    ],
    "content-hash": "9d37a25991f026c23e1ae612d434cdc2",
    "packages": [
        {
            "name": "artack/color",
            "version": "0.6.0",
            "source": {
                "type": "git",
                "url": "https://github.com/ARTACK/color.git",
                "reference": "f8c034237b4fff00f6a1602e3379dc636d743053"
            },
            "dist": {
                "type": "zip",
                "url": "https://api.github.com/repos/ARTACK/color/zipball/f8c034237b4fff00f6a1602e3379dc636d743053",
                "reference": "f8c034237b4fff00f6a1602e3379dc636d743053",
                "shasum": ""
            },
            "require": {
                "clue/graph": "^0.9.0",
                "graphp/algorithms": "^0.8.1",
                "php": "^7.4|^8.0",
                "webmozart/assert": "^1.2"
            },
            "require-dev": {
                "friendsofphp/php-cs-fixer": "^v3.9",
                "phpstan/phpstan": "^1.8",
                "phpstan/phpstan-phpunit": "^1.1",
                "phpstan/phpstan-webmozart-assert": "^1.2",
                "phpunit/phpunit": "^9.5"
            },
            "type": "library",
            "autoload": {
                "psr-4": {
                    "Artack\\Color\\": "src/"
                }
            },
            "notification-url": "https://packagist.org/downloads/",
            "license": [
                "MIT"
            ],
            "authors": [
                {
                    "name": "ARTACK WebLab GmbH",
                    "homepage": "https://www.artack.ch"
                }
            ],
            "description": "Color helper library for converting between RGB, CMYK, HSV, HST and HEX and create interpolation.",
            "keywords": [
                "color",
                "conversion",
                "interpolation"
            ],
            "support": {
                "issues": "https://github.com/ARTACK/color/issues",
                "source": "https://github.com/ARTACK/color/tree/0.6.0"
            },
            "time": "2022-08-09T11:53:54+00:00"
        },
        {
            "name": "clue/graph",
            "version": "v0.9.3",
            "source": {
                "type": "git",
                "url": "https://github.com/graphp/graph.git",
                "reference": "d1661c0a0e011a8550fa60ae5354f230d1555909"
            },
            "dist": {
                "type": "zip",
                "url": "https://api.github.com/repos/graphp/graph/zipball/d1661c0a0e011a8550fa60ae5354f230d1555909",
                "reference": "d1661c0a0e011a8550fa60ae5354f230d1555909",
                "shasum": ""
            },
            "require": {
                "php": ">=5.3"
            },
            "require-dev": {
                "phpunit/phpunit": "^9.3 || ^5.7 || ^4.8.35"
            },
            "suggest": {
                "graphp/algorithms": "Common graph algorithms, such as Dijkstra and Moore-Bellman-Ford (shortest path), minimum spanning tree (MST), Kruskal, Prim and many more..",
                "graphp/graphviz": "GraphViz graph drawing / DOT output"
            },
            "type": "library",
            "autoload": {
                "psr-4": {
                    "Fhaculty\\Graph\\": "src/"
                }
            },
            "notification-url": "https://packagist.org/downloads/",
            "license": [
                "MIT"
            ],
            "authors": [
                {
                    "name": "Christian Lück",
                    "email": "christian@clue.engineering"
                }
            ],
            "description": "GraPHP is the mathematical graph/network library written in PHP.",
            "homepage": "https://github.com/graphp/graph",
            "keywords": [
                "edge",
                "graph",
                "mathematical",
                "network",
                "vertex"
            ],
            "support": {
                "issues": "https://github.com/graphp/graph/issues",
                "source": "https://github.com/graphp/graph/tree/v0.9.3"
            },
            "funding": [
                {
                    "url": "https://clue.engineering/support",
                    "type": "custom"
                },
                {
                    "url": "https://github.com/clue",
                    "type": "github"
                }
            ],
            "time": "2021-12-30T09:22:01+00:00"
        },
        {
            "name": "graphp/algorithms",
            "version": "v0.8.2",
            "source": {
                "type": "git",
                "url": "https://github.com/graphp/algorithms.git",
                "reference": "abebbc44109f65c2962cd66f048ea3b8563e0a4a"
            },
            "dist": {
                "type": "zip",
                "url": "https://api.github.com/repos/graphp/algorithms/zipball/abebbc44109f65c2962cd66f048ea3b8563e0a4a",
                "reference": "abebbc44109f65c2962cd66f048ea3b8563e0a4a",
                "shasum": ""
            },
            "require": {
                "clue/graph": "~0.9.0|~0.8.0",
                "php": ">=5.3"
            },
            "require-dev": {
                "phpunit/phpunit": "^6.4 || ^5.7 || ^4.8.35"
            },
            "type": "library",
            "autoload": {
                "psr-4": {
                    "Graphp\\Algorithms\\": "src/"
                }
            },
            "notification-url": "https://packagist.org/downloads/",
            "license": [
                "MIT"
            ],
            "authors": [
                {
                    "name": "Christian Lück",
                    "email": "christian@clue.engineering"
                }
            ],
            "description": "Common mathematical graph algorithms implemented in PHP",
            "homepage": "https://github.com/graphp/algorithms",
            "keywords": [
                "Graph algorithms",
                "dijkstra",
                "kruskal",
                "minimum spanning tree",
                "moore-bellman-ford",
                "prim",
                "shortest path"
            ],
            "support": {
                "issues": "https://github.com/graphp/algorithms/issues",
                "source": "https://github.com/graphp/algorithms/tree/v0.8.2"
            },
            "time": "2020-02-20T18:01:41+00:00"
        },
        {
            "name": "pecee/simple-router",
            "version": "5.4.1.7",
            "source": {
                "type": "git",
                "url": "https://github.com/skipperbent/simple-php-router.git",
                "reference": "a2843d5b1e037f8b61cc99f27eab52a28bf41dfd"
            },
            "dist": {
                "type": "zip",
                "url": "https://api.github.com/repos/skipperbent/simple-php-router/zipball/a2843d5b1e037f8b61cc99f27eab52a28bf41dfd",
                "reference": "a2843d5b1e037f8b61cc99f27eab52a28bf41dfd",
                "shasum": ""
            },
            "require": {
                "ext-json": "*",
                "php": ">=7.4"
            },
            "require-dev": {
                "mockery/mockery": "^1",
                "phpstan/phpstan": "^1",
                "phpstan/phpstan-deprecation-rules": "^1",
                "phpstan/phpstan-phpunit": "^1",
                "phpstan/phpstan-strict-rules": "^1",
                "phpunit/phpunit": "^8"
            },
            "type": "library",
            "autoload": {
                "psr-4": {
                    "Pecee\\": "src/Pecee/"
                }
            },
            "notification-url": "https://packagist.org/downloads/",
            "license": [
                "MIT"
            ],
            "authors": [
                {
                    "name": "Simon Sessingø",
                    "email": "simon.sessingoe@gmail.com"
                }
            ],
            "description": "Simple, fast PHP router that is easy to get integrated and in almost any project. Heavily inspired by the Laravel router.",
            "keywords": [
                "framework",
                "input-handler",
                "laravel",
                "pecee",
                "php",
                "request-handler",
                "route",
                "router",
                "routing",
                "routing-engine",
                "simple-php-router",
                "url-handling"
            ],
            "support": {
                "issues": "https://github.com/skipperbent/simple-php-router/issues",
                "source": "https://github.com/skipperbent/simple-php-router/issues"
            },
            "time": "2023-12-11T21:48:25+00:00"
        },
        {
            "name": "php-units-of-measure/php-units-of-measure",
            "version": "v2.2.0",
            "source": {
                "type": "git",
                "url": "https://github.com/PhpUnitsOfMeasure/php-units-of-measure.git",
                "reference": "cf1b83b1ef7615dd53f70864c9e7f496b1ec0fd1"
            },
            "dist": {
                "type": "zip",
                "url": "https://api.github.com/repos/PhpUnitsOfMeasure/php-units-of-measure/zipball/cf1b83b1ef7615dd53f70864c9e7f496b1ec0fd1",
                "reference": "cf1b83b1ef7615dd53f70864c9e7f496b1ec0fd1",
                "shasum": ""
            },
            "require": {
                "php": ">=7.4"
            },
            "replace": {
                "triplepoint/php-units-of-measure": "*"
            },
            "require-dev": {
                "phpunit/phpunit": "^9.5",
                "squizlabs/php_codesniffer": "^3.7"
            },
            "type": "library",
            "autoload": {
                "psr-4": {
                    "PhpUnitsOfMeasure\\": "source/"
                }
            },
            "notification-url": "https://packagist.org/downloads/",
            "license": [
                "MIT"
            ],
            "authors": [
                {
                    "name": "Jonathan Hanson",
                    "role": "Developer"
                }
            ],
            "description": "A PHP library for converting between standard units of measure.",
            "homepage": "https://github.com/PhpUnitsOfMeasure/php-units-of-measure",
            "keywords": [
                "conversion",
                "data",
                "measurements"
            ],
            "support": {
                "issues": "https://github.com/PhpUnitsOfMeasure/php-units-of-measure/issues",
                "source": "https://github.com/PhpUnitsOfMeasure/php-units-of-measure"
            },
            "time": "2025-04-30T23:02:43+00:00"
        },
        {
            "name": "webmozart/assert",
            "version": "1.12.1",
            "source": {
                "type": "git",
                "url": "https://github.com/webmozarts/assert.git",
                "reference": "9be6926d8b485f55b9229203f962b51ed377ba68"
            },
            "dist": {
                "type": "zip",
                "url": "https://api.github.com/repos/webmozarts/assert/zipball/9be6926d8b485f55b9229203f962b51ed377ba68",
                "reference": "9be6926d8b485f55b9229203f962b51ed377ba68",
                "shasum": ""
            },
            "require": {
                "ext-ctype": "*",
                "ext-date": "*",
                "ext-filter": "*",
                "php": "^7.2 || ^8.0"
            },
            "suggest": {
                "ext-intl": "",
                "ext-simplexml": "",
                "ext-spl": ""
            },
            "type": "library",
            "extra": {
                "branch-alias": {
                    "dev-master": "1.10-dev"
                }
            },
            "autoload": {
                "psr-4": {
                    "Webmozart\\Assert\\": "src/"
                }
            },
            "notification-url": "https://packagist.org/downloads/",
            "license": [
                "MIT"
            ],
            "authors": [
                {
                    "name": "Bernhard Schussek",
                    "email": "bschussek@gmail.com"
                }
            ],
            "description": "Assertions to validate method input/output with nice error messages.",
            "keywords": [
                "assert",
                "check",
                "validate"
            ],
            "support": {
                "issues": "https://github.com/webmozarts/assert/issues",
                "source": "https://github.com/webmozarts/assert/tree/1.12.1"
            },
            "time": "2025-10-29T15:56:20+00:00"
        }
    ],
    "packages-dev": [],
    "aliases": [],
    "minimum-stability": "stable",
    "stability-flags": {},
    "prefer-stable": false,
    "prefer-lowest": false,
    "platform": {},
    "platform-dev": {},
    "plugin-api-version": "2.9.0"
}
